{
  "name": "pyragen",
  "version": "1.0.0",
  "lockfileVersion": 3,
  "requires": true,
  "packages": {
    "": {
      "name": "pyragen",
      "version": "1.0.0",
      "dependencies": {
        "react": "^18.3.0",
        "react-dom": "^18.3.0"
      }
    },
    "node_modules/react": {
      "version": "18.3.0",
      "resolved": "https://registry.npmjs.org/react/-/react-18.3.0.tgz",
      "integrity": "sha512-...",
      "peer": true
    },
    "node_modules/react-dom": {
      "version": "18.3.0",
      "resolved": "https://registry.npmjs.org/react-dom/-/react-dom-18.3.0.tgz",
      "integrity": "sha512-..."
    }
  },
  "dependencies": {
    "react": {
      "version": "18.3.0",
      "resolved": "https://registry.npmjs.org/react/-/react-18.3.0.tgz",
      "integrity": "sha512-..."
    },
    "react-dom": {
      "version": "18.3.0",
      "resolved": "https://registry.npmjs.org/react-dom/-/react-dom-18.3.0.tgz",
      "integrity": "sha512-..."
    }
  }
}